// !$*UTF8*$!
{
	archiveVersion = 1;
	classes = {
	};
	objectVersion = 55;
	objects = {

/* Begin PBXBuildFile section */
		F9830B2427CBA3A3006458D4 /* PersistenceController.swift in Sources */ = {isa = PBXBuildFile; fileRef = F9830B2327CBA3A3006458D4 /* PersistenceController.swift */; };
		F9830B2927CBB79E006458D4 /* PodcastFeedAddRSSView.swift in Sources */ = {isa = PBXBuildFile; fileRef = F9830B2827CBB79E006458D4 /* PodcastFeedAddRSSView.swift */; };
		F9F90EA827CA103B0075F367 /* podcast_swiftuiApp.swift in Sources */ = {isa = PBXBuildFile; fileRef = F9F90EA727CA103B0075F367 /* podcast_swiftuiApp.swift */; };
		F9F90EAA27CA103B0075F367 /* PodcastFeedListView.swift in Sources */ = {isa = PBXBuildFile; fileRef = F9F90EA927CA103B0075F367 /* PodcastFeedListView.swift */; };
		F9F90EAC27CA103C0075F367 /* Assets.xcassets in Resources */ = {isa = PBXBuildFile; fileRef = F9F90EAB27CA103C0075F367 /* Assets.xcassets */; };
		F9F90EAF27CA103C0075F367 /* Preview Assets.xcassets in Resources */ = {isa = PBXBuildFile; fileRef = F9F90EAE27CA103C0075F367 /* Preview Assets.xcassets */; };
		F9F90EB927CA103C0075F367 /* podcast_swiftuiTests.swift in Sources */ = {isa = PBXBuildFile; fileRef = F9F90EB827CA103C0075F367 /* podcast_swiftuiTests.swift */; };
		F9F90EC327CA103C0075F367 /* podcast_swiftuiUITests.swift in Sources */ = {isa = PBXBuildFile; fileRef = F9F90EC227CA103C0075F367 /* podcast_swiftuiUITests.swift */; };
		F9F90EC527CA103C0075F367 /* podcast_swiftuiUITestsLaunchTests.swift in Sources */ = {isa = PBXBuildFile; fileRef = F9F90EC427CA103C0075F367 /* podcast_swiftuiUITestsLaunchTests.swift */; };
		F9F90ED227CA15330075F367 /* podcast.rss in Resources */ = {isa = PBXBuildFile; fileRef = F9F90ED127CA15330075F367 /* podcast.rss */; };
		F9F90ED527CA158D0075F367 /* artwork.png in Resources */ = {isa = PBXBuildFile; fileRef = F9F90ED427CA158D0075F367 /* artwork.png */; };
		F9F90ED727CA16030075F367 /* episode.mp3 in Resources */ = {isa = PBXBuildFile; fileRef = F9F90ED627CA16030075F367 /* episode.mp3 */; };
		F9F90ED927CA183C0075F367 /* ImageView.swift in Sources */ = {isa = PBXBuildFile; fileRef = F9F90ED827CA183C0075F367 /* ImageView.swift */; };
		F9F90EDB27CA1A3D0075F367 /* PodcastFeedLeafView.swift in Sources */ = {isa = PBXBuildFile; fileRef = F9F90EDA27CA1A3D0075F367 /* PodcastFeedLeafView.swift */; };
		F9F90EDD27CA1EFA0075F367 /* PodcastAudioPlayer.swift in Sources */ = {isa = PBXBuildFile; fileRef = F9F90EDC27CA1EFA0075F367 /* PodcastAudioPlayer.swift */; };
		F9F90EE027CA58EC0075F367 /* SyndiKit in Frameworks */ = {isa = PBXBuildFile; productRef = F9F90EDF27CA58EC0075F367 /* SyndiKit */; };
		F9F90EE227CA65350075F367 /* FeedRepository.swift in Sources */ = {isa = PBXBuildFile; fileRef = F9F90EE127CA65350075F367 /* FeedRepository.swift */; };
		F9F90EE427CB15A10075F367 /* Double+Extension.swift in Sources */ = {isa = PBXBuildFile; fileRef = F9F90EE327CB15A10075F367 /* Double+Extension.swift */; };
		F9F90EE627CB15D20075F367 /* PodcastPlayerComponents.swift in Sources */ = {isa = PBXBuildFile; fileRef = F9F90EE527CB15D20075F367 /* PodcastPlayerComponents.swift */; };
		F9F90EE827CB161A0075F367 /* PodcastModel.swift in Sources */ = {isa = PBXBuildFile; fileRef = F9F90EE727CB161A0075F367 /* PodcastModel.swift */; };
		F9F90EEB27CB201A0075F367 /* NowPlayableCommand.swift in Sources */ = {isa = PBXBuildFile; fileRef = F9F90EEA27CB201A0075F367 /* NowPlayableCommand.swift */; };
		F9F90EED27CB203B0075F367 /* NowPlayableMetadata.swift in Sources */ = {isa = PBXBuildFile; fileRef = F9F90EEC27CB203B0075F367 /* NowPlayableMetadata.swift */; };
		F9F90EEF27CB204E0075F367 /* NowPlayableError.swift in Sources */ = {isa = PBXBuildFile; fileRef = F9F90EEE27CB204E0075F367 /* NowPlayableError.swift */; };
		F9F90EF127CB20610075F367 /* NowPlayableShared.swift in Sources */ = {isa = PBXBuildFile; fileRef = F9F90EF027CB20610075F367 /* NowPlayableShared.swift */; };
		F9F90EF427CB20F50075F367 /* NowPlayableBehavior.swift in Sources */ = {isa = PBXBuildFile; fileRef = F9F90EF327CB20F50075F367 /* NowPlayableBehavior.swift */; };
		F9F90EF627CB21300075F367 /* ConfigModel.swift in Sources */ = {isa = PBXBuildFile; fileRef = F9F90EF527CB21300075F367 /* ConfigModel.swift */; };
		F9F90EF927CB21D60075F367 /* ConfigCommand.swift in Sources */ = {isa = PBXBuildFile; fileRef = F9F90EF827CB21D60075F367 /* ConfigCommand.swift */; };
		F9F90EFB27CB21EB0075F367 /* ConfigCommandCollection.swift in Sources */ = {isa = PBXBuildFile; fileRef = F9F90EFA27CB21EB0075F367 /* ConfigCommandCollection.swift */; };
/* End PBXBuildFile section */

/* Begin PBXContainerItemProxy section */
		F9F90EB527CA103C0075F367 /* PBXContainerItemProxy */ = {
			isa = PBXContainerItemProxy;
			containerPortal = F9F90E9C27CA103B0075F367 /* Project object */;
			proxyType = 1;
			remoteGlobalIDString = F9F90EA327CA103B0075F367;
			remoteInfo = "podcast-swiftui";
		};
		F9F90EBF27CA103C0075F367 /* PBXContainerItemProxy */ = {
			isa = PBXContainerItemProxy;
			containerPortal = F9F90E9C27CA103B0075F367 /* Project object */;
			proxyType = 1;
			remoteGlobalIDString = F9F90EA327CA103B0075F367;
			remoteInfo = "podcast-swiftui";
		};
/* End PBXContainerItemProxy section */

/* Begin PBXFileReference section */
		F9830B2327CBA3A3006458D4 /* PersistenceController.swift */ = {isa = PBXFileReference; lastKnownFileType = sourcecode.swift; path = PersistenceController.swift; sourceTree = "<group>"; };
		F9830B2827CBB79E006458D4 /* PodcastFeedAddRSSView.swift */ = {isa = PBXFileReference; lastKnownFileType = sourcecode.swift; path = PodcastFeedAddRSSView.swift; sourceTree = "<group>"; };
		F9F90EA427CA103B0075F367 /* podcast-swiftui.app */ = {isa = PBXFileReference; explicitFileType = wrapper.application; includeInIndex = 0; path = "podcast-swiftui.app"; sourceTree = BUILT_PRODUCTS_DIR; };
		F9F90EA727CA103B0075F367 /* podcast_swiftuiApp.swift */ = {isa = PBXFileReference; lastKnownFileType = sourcecode.swift; path = podcast_swiftuiApp.swift; sourceTree = "<group>"; };
		F9F90EA927CA103B0075F367 /* PodcastFeedListView.swift */ = {isa = PBXFileReference; lastKnownFileType = sourcecode.swift; path = PodcastFeedListView.swift; sourceTree = "<group>"; };
		F9F90EAB27CA103C0075F367 /* Assets.xcassets */ = {isa = PBXFileReference; lastKnownFileType = folder.assetcatalog; path = Assets.xcassets; sourceTree = "<group>"; };
		F9F90EAE27CA103C0075F367 /* Preview Assets.xcassets */ = {isa = PBXFileReference; lastKnownFileType = folder.assetcatalog; path = "Preview Assets.xcassets"; sourceTree = "<group>"; };
		F9F90EB427CA103C0075F367 /* podcast-swiftuiTests.xctest */ = {isa = PBXFileReference; explicitFileType = wrapper.cfbundle; includeInIndex = 0; path = "podcast-swiftuiTests.xctest"; sourceTree = BUILT_PRODUCTS_DIR; };
		F9F90EB827CA103C0075F367 /* podcast_swiftuiTests.swift */ = {isa = PBXFileReference; lastKnownFileType = sourcecode.swift; path = podcast_swiftuiTests.swift; sourceTree = "<group>"; };
		F9F90EBE27CA103C0075F367 /* podcast-swiftuiUITests.xctest */ = {isa = PBXFileReference; explicitFileType = wrapper.cfbundle; includeInIndex = 0; path = "podcast-swiftuiUITests.xctest"; sourceTree = BUILT_PRODUCTS_DIR; };
		F9F90EC227CA103C0075F367 /* podcast_swiftuiUITests.swift */ = {isa = PBXFileReference; lastKnownFileType = sourcecode.swift; path = podcast_swiftuiUITests.swift; sourceTree = "<group>"; };
		F9F90EC427CA103C0075F367 /* podcast_swiftuiUITestsLaunchTests.swift */ = {isa = PBXFileReference; lastKnownFileType = sourcecode.swift; path = podcast_swiftuiUITestsLaunchTests.swift; sourceTree = "<group>"; };
		F9F90ED127CA15330075F367 /* podcast.rss */ = {isa = PBXFileReference; fileEncoding = 4; lastKnownFileType = text.xml; path = podcast.rss; sourceTree = "<group>"; };
		F9F90ED427CA158D0075F367 /* artwork.png */ = {isa = PBXFileReference; lastKnownFileType = image.png; path = artwork.png; sourceTree = "<group>"; };
		F9F90ED627CA16030075F367 /* episode.mp3 */ = {isa = PBXFileReference; lastKnownFileType = audio.mp3; path = episode.mp3; sourceTree = "<group>"; };
		F9F90ED827CA183C0075F367 /* ImageView.swift */ = {isa = PBXFileReference; lastKnownFileType = sourcecode.swift; path = ImageView.swift; sourceTree = "<group>"; };
		F9F90EDA27CA1A3D0075F367 /* PodcastFeedLeafView.swift */ = {isa = PBXFileReference; lastKnownFileType = sourcecode.swift; path = PodcastFeedLeafView.swift; sourceTree = "<group>"; };
		F9F90EDC27CA1EFA0075F367 /* PodcastAudioPlayer.swift */ = {isa = PBXFileReference; lastKnownFileType = sourcecode.swift; path = PodcastAudioPlayer.swift; sourceTree = "<group>"; };
		F9F90EE127CA65350075F367 /* FeedRepository.swift */ = {isa = PBXFileReference; lastKnownFileType = sourcecode.swift; path = FeedRepository.swift; sourceTree = "<group>"; };
		F9F90EE327CB15A10075F367 /* Double+Extension.swift */ = {isa = PBXFileReference; lastKnownFileType = sourcecode.swift; path = "Double+Extension.swift"; sourceTree = "<group>"; };
		F9F90EE527CB15D20075F367 /* PodcastPlayerComponents.swift */ = {isa = PBXFileReference; lastKnownFileType = sourcecode.swift; path = PodcastPlayerComponents.swift; sourceTree = "<group>"; };
		F9F90EE727CB161A0075F367 /* PodcastModel.swift */ = {isa = PBXFileReference; lastKnownFileType = sourcecode.swift; path = PodcastModel.swift; sourceTree = "<group>"; };
		F9F90EE927CB1DBD0075F367 /* Info.plist */ = {isa = PBXFileReference; lastKnownFileType = text.plist; path = Info.plist; sourceTree = "<group>"; };
		F9F90EEA27CB201A0075F367 /* NowPlayableCommand.swift */ = {isa = PBXFileReference; lastKnownFileType = sourcecode.swift; path = NowPlayableCommand.swift; sourceTree = "<group>"; };
		F9F90EEC27CB203B0075F367 /* NowPlayableMetadata.swift */ = {isa = PBXFileReference; lastKnownFileType = sourcecode.swift; path = NowPlayableMetadata.swift; sourceTree = "<group>"; };
		F9F90EEE27CB204E0075F367 /* NowPlayableError.swift */ = {isa = PBXFileReference; lastKnownFileType = sourcecode.swift; path = NowPlayableError.swift; sourceTree = "<group>"; };
		F9F90EF027CB20610075F367 /* NowPlayableShared.swift */ = {isa = PBXFileReference; lastKnownFileType = sourcecode.swift; path = NowPlayableShared.swift; sourceTree = "<group>"; };
		F9F90EF327CB20F50075F367 /* NowPlayableBehavior.swift */ = {isa = PBXFileReference; lastKnownFileType = sourcecode.swift; path = NowPlayableBehavior.swift; sourceTree = "<group>"; };
		F9F90EF527CB21300075F367 /* ConfigModel.swift */ = {isa = PBXFileReference; lastKnownFileType = sourcecode.swift; path = ConfigModel.swift; sourceTree = "<group>"; };
		F9F90EF827CB21D60075F367 /* ConfigCommand.swift */ = {isa = PBXFileReference; lastKnownFileType = sourcecode.swift; path = ConfigCommand.swift; sourceTree = "<group>"; };
		F9F90EFA27CB21EB0075F367 /* ConfigCommandCollection.swift */ = {isa = PBXFileReference; lastKnownFileType = sourcecode.swift; path = ConfigCommandCollection.swift; sourceTree = "<group>"; };
/* End PBXFileReference section */

/* Begin PBXFrameworksBuildPhase section */
		F9F90EA127CA103B0075F367 /* Frameworks */ = {
			isa = PBXFrameworksBuildPhase;
			buildActionMask = 2147483647;
			files = (
				F9F90EE027CA58EC0075F367 /* SyndiKit in Frameworks */,
			);
			runOnlyForDeploymentPostprocessing = 0;
		};
		F9F90EB127CA103C0075F367 /* Frameworks */ = {
			isa = PBXFrameworksBuildPhase;
			buildActionMask = 2147483647;
			files = (
			);
			runOnlyForDeploymentPostprocessing = 0;
		};
		F9F90EBB27CA103C0075F367 /* Frameworks */ = {
			isa = PBXFrameworksBuildPhase;
			buildActionMask = 2147483647;
			files = (
			);
			runOnlyForDeploymentPostprocessing = 0;
		};
/* End PBXFrameworksBuildPhase section */

/* Begin PBXGroup section */
		F9F90E9B27CA103B0075F367 = {
			isa = PBXGroup;
			children = (
				F9F90EA627CA103B0075F367 /* podcast-swiftui */,
				F9F90EB727CA103C0075F367 /* podcast-swiftuiTests */,
				F9F90EC127CA103C0075F367 /* podcast-swiftuiUITests */,
				F9F90EA527CA103B0075F367 /* Products */,
			);
			sourceTree = "<group>";
		};
		F9F90EA527CA103B0075F367 /* Products */ = {
			isa = PBXGroup;
			children = (
				F9F90EA427CA103B0075F367 /* podcast-swiftui.app */,
				F9F90EB427CA103C0075F367 /* podcast-swiftuiTests.xctest */,
				F9F90EBE27CA103C0075F367 /* podcast-swiftuiUITests.xctest */,
			);
			name = Products;
			sourceTree = "<group>";
		};
		F9F90EA627CA103B0075F367 /* podcast-swiftui */ = {
			isa = PBXGroup;
			children = (
				F9F90EE927CB1DBD0075F367 /* Info.plist */,
				F9F90ED127CA15330075F367 /* podcast.rss */,
				F9F90ED427CA158D0075F367 /* artwork.png */,
				F9F90EA727CA103B0075F367 /* podcast_swiftuiApp.swift */,
				F9F90ED627CA16030075F367 /* episode.mp3 */,
				F9F90EF727CB21C70075F367 /* Config */,
				F9F90EFD27CB22D50075F367 /* Views */,
				F9F90EFC27CB22C90075F367 /* Extensions */,
				F9F90EE727CB161A0075F367 /* PodcastModel.swift */,
				F9F90EE127CA65350075F367 /* FeedRepository.swift */,
				F9830B2327CBA3A3006458D4 /* PersistenceController.swift */,
				F9F90EF227CB206F0075F367 /* NowPlayable */,
				F9F90EAB27CA103C0075F367 /* Assets.xcassets */,
				F9F90EAD27CA103C0075F367 /* Preview Content */,
			);
			path = "podcast-swiftui";
			sourceTree = "<group>";
		};
		F9F90EAD27CA103C0075F367 /* Preview Content */ = {
			isa = PBXGroup;
			children = (
				F9F90EAE27CA103C0075F367 /* Preview Assets.xcassets */,
			);
			path = "Preview Content";
			sourceTree = "<group>";
		};
		F9F90EB727CA103C0075F367 /* podcast-swiftuiTests */ = {
			isa = PBXGroup;
			children = (
				F9F90EB827CA103C0075F367 /* podcast_swiftuiTests.swift */,
			);
			path = "podcast-swiftuiTests";
			sourceTree = "<group>";
		};
		F9F90EC127CA103C0075F367 /* podcast-swiftuiUITests */ = {
			isa = PBXGroup;
			children = (
				F9F90EC227CA103C0075F367 /* podcast_swiftuiUITests.swift */,
				F9F90EC427CA103C0075F367 /* podcast_swiftuiUITestsLaunchTests.swift */,
			);
			path = "podcast-swiftuiUITests";
			sourceTree = "<group>";
		};
		F9F90EF227CB206F0075F367 /* NowPlayable */ = {
			isa = PBXGroup;
			children = (
				F9F90EF327CB20F50075F367 /* NowPlayableBehavior.swift */,
				F9F90EEA27CB201A0075F367 /* NowPlayableCommand.swift */,
				F9F90EEC27CB203B0075F367 /* NowPlayableMetadata.swift */,
				F9F90EEE27CB204E0075F367 /* NowPlayableError.swift */,
				F9F90EF027CB20610075F367 /* NowPlayableShared.swift */,
			);
			path = NowPlayable;
			sourceTree = "<group>";
		};
		F9F90EF727CB21C70075F367 /* Config */ = {
			isa = PBXGroup;
			children = (
				F9F90EF527CB21300075F367 /* ConfigModel.swift */,
				F9F90EFA27CB21EB0075F367 /* ConfigCommandCollection.swift */,
				F9F90EF827CB21D60075F367 /* ConfigCommand.swift */,
			);
			path = Config;
			sourceTree = "<group>";
		};
		F9F90EFC27CB22C90075F367 /* Extensions */ = {
			isa = PBXGroup;
			children = (
				F9F90ED827CA183C0075F367 /* ImageView.swift */,
				F9F90EE327CB15A10075F367 /* Double+Extension.swift */,
			);
			path = Extensions;
			sourceTree = "<group>";
		};
		F9F90EFD27CB22D50075F367 /* Views */ = {
			isa = PBXGroup;
			children = (
				F9F90EA927CA103B0075F367 /* PodcastFeedListView.swift */,
				F9F90EDA27CA1A3D0075F367 /* PodcastFeedLeafView.swift */,
				F9830B2827CBB79E006458D4 /* PodcastFeedAddRSSView.swift */,
				F9F90EE527CB15D20075F367 /* PodcastPlayerComponents.swift */,
				F9F90EDC27CA1EFA0075F367 /* PodcastAudioPlayer.swift */,
			);
			path = Views;
			sourceTree = "<group>";
		};
/* End PBXGroup section */

/* Begin PBXNativeTarget section */
		F9F90EA327CA103B0075F367 /* podcast-swiftui */ = {
			isa = PBXNativeTarget;
			buildConfigurationList = F9F90EC827CA103C0075F367 /* Build configuration list for PBXNativeTarget "podcast-swiftui" */;
			buildPhases = (
				F9F90EA027CA103B0075F367 /* Sources */,
				F9F90EA127CA103B0075F367 /* Frameworks */,
				F9F90EA227CA103B0075F367 /* Resources */,
			);
			buildRules = (
			);
			dependencies = (
			);
			name = "podcast-swiftui";
			packageProductDependencies = (
				F9F90EDF27CA58EC0075F367 /* SyndiKit */,
			);
			productName = "podcast-swiftui";
			productReference = F9F90EA427CA103B0075F367 /* podcast-swiftui.app */;
			productType = "com.apple.product-type.application";
		};
		F9F90EB327CA103C0075F367 /* podcast-swiftuiTests */ = {
			isa = PBXNativeTarget;
			buildConfigurationList = F9F90ECB27CA103C0075F367 /* Build configuration list for PBXNativeTarget "podcast-swiftuiTests" */;
			buildPhases = (
				F9F90EB027CA103C0075F367 /* Sources */,
				F9F90EB127CA103C0075F367 /* Frameworks */,
				F9F90EB227CA103C0075F367 /* Resources */,
			);
			buildRules = (
			);
			dependencies = (
				F9F90EB627CA103C0075F367 /* PBXTargetDependency */,
			);
			name = "podcast-swiftuiTests";
			productName = "podcast-swiftuiTests";
			productReference = F9F90EB427CA103C0075F367 /* podcast-swiftuiTests.xctest */;
			productType = "com.apple.product-type.bundle.unit-test";
		};
		F9F90EBD27CA103C0075F367 /* podcast-swiftuiUITests */ = {
			isa = PBXNativeTarget;
			buildConfigurationList = F9F90ECE27CA103C0075F367 /* Build configuration list for PBXNativeTarget "podcast-swiftuiUITests" */;
			buildPhases = (
				F9F90EBA27CA103C0075F367 /* Sources */,
				F9F90EBB27CA103C0075F367 /* Frameworks */,
				F9F90EBC27CA103C0075F367 /* Resources */,
			);
			buildRules = (
			);
			dependencies = (
				F9F90EC027CA103C0075F367 /* PBXTargetDependency */,
			);
			name = "podcast-swiftuiUITests";
			productName = "podcast-swiftuiUITests";
			productReference = F9F90EBE27CA103C0075F367 /* podcast-swiftuiUITests.xctest */;
			productType = "com.apple.product-type.bundle.ui-testing";
		};
/* End PBXNativeTarget section */

/* Begin PBXProject section */
		F9F90E9C27CA103B0075F367 /* Project object */ = {
			isa = PBXProject;
			attributes = {
				BuildIndependentTargetsInParallel = 1;
				LastSwiftUpdateCheck = 1320;
				LastUpgradeCheck = 1320;
				TargetAttributes = {
					F9F90EA327CA103B0075F367 = {
						CreatedOnToolsVersion = 13.2.1;
					};
					F9F90EB327CA103C0075F367 = {
						CreatedOnToolsVersion = 13.2.1;
						TestTargetID = F9F90EA327CA103B0075F367;
					};
					F9F90EBD27CA103C0075F367 = {
						CreatedOnToolsVersion = 13.2.1;
						TestTargetID = F9F90EA327CA103B0075F367;
					};
				};
			};
			buildConfigurationList = F9F90E9F27CA103B0075F367 /* Build configuration list for PBXProject "podcast-swiftui" */;
			compatibilityVersion = "Xcode 13.0";
			developmentRegion = en;
			hasScannedForEncodings = 0;
			knownRegions = (
				en,
				Base,
			);
			mainGroup = F9F90E9B27CA103B0075F367;
			packageReferences = (
				F9F90EDE27CA58EC0075F367 /* XCRemoteSwiftPackageReference "SyndiKit" */,
			);
			productRefGroup = F9F90EA527CA103B0075F367 /* Products */;
			projectDirPath = "";
			projectRoot = "";
			targets = (
				F9F90EA327CA103B0075F367 /* podcast-swiftui */,
				F9F90EB327CA103C0075F367 /* podcast-swiftuiTests */,
				F9F90EBD27CA103C0075F367 /* podcast-swiftuiUITests */,
			);
		};
/* End PBXProject section */

/* Begin PBXResourcesBuildPhase section */
		F9F90EA227CA103B0075F367 /* Resources */ = {
			isa = PBXResourcesBuildPhase;
			buildActionMask = 2147483647;
			files = (
				F9F90ED727CA16030075F367 /* episode.mp3 in Resources */,
				F9F90ED527CA158D0075F367 /* artwork.png in Resources */,
				F9F90ED227CA15330075F367 /* podcast.rss in Resources */,
				F9F90EAF27CA103C0075F367 /* Preview Assets.xcassets in Resources */,
				F9F90EAC27CA103C0075F367 /* Assets.xcassets in Resources */,
			);
			runOnlyForDeploymentPostprocessing = 0;
		};
		F9F90EB227CA103C0075F367 /* Resources */ = {
			isa = PBXResourcesBuildPhase;
			buildActionMask = 2147483647;
			files = (
			);
			runOnlyForDeploymentPostprocessing = 0;
		};
		F9F90EBC27CA103C0075F367 /* Resources */ = {
			isa = PBXResourcesBuildPhase;
			buildActionMask = 2147483647;
			files = (
			);
			runOnlyForDeploymentPostprocessing = 0;
		};
/* End PBXResourcesBuildPhase section */

/* Begin PBXSourcesBuildPhase section */
		F9F90EA027CA103B0075F367 /* Sources */ = {
			isa = PBXSourcesBuildPhase;
			buildActionMask = 2147483647;
			files = (
				F9F90EF127CB20610075F367 /* NowPlayableShared.swift in Sources */,
				F9F90EE827CB161A0075F367 /* PodcastModel.swift in Sources */,
				F9F90EEF27CB204E0075F367 /* NowPlayableError.swift in Sources */,
				F9F90EFB27CB21EB0075F367 /* ConfigCommandCollection.swift in Sources */,
				F9F90EF927CB21D60075F367 /* ConfigCommand.swift in Sources */,
				F9F90ED927CA183C0075F367 /* ImageView.swift in Sources */,
				F9F90EF627CB21300075F367 /* ConfigModel.swift in Sources */,
				F9F90EED27CB203B0075F367 /* NowPlayableMetadata.swift in Sources */,
				F9F90EEB27CB201A0075F367 /* NowPlayableCommand.swift in Sources */,
				F9830B2427CBA3A3006458D4 /* PersistenceController.swift in Sources */,
				F9F90EAA27CA103B0075F367 /* PodcastFeedListView.swift in Sources */,
				F9F90EE427CB15A10075F367 /* Double+Extension.swift in Sources */,
				F9830B2927CBB79E006458D4 /* PodcastFeedAddRSSView.swift in Sources */,
				F9F90EE627CB15D20075F367 /* PodcastPlayerComponents.swift in Sources */,
				F9F90EDD27CA1EFA0075F367 /* PodcastAudioPlayer.swift in Sources */,
				F9F90EF427CB20F50075F367 /* NowPlayableBehavior.swift in Sources */,
				F9F90EE227CA65350075F367 /* FeedRepository.swift in Sources */,
				F9F90EDB27CA1A3D0075F367 /* PodcastFeedLeafView.swift in Sources */,
				F9F90EA827CA103B0075F367 /* podcast_swiftuiApp.swift in Sources */,
			);
			runOnlyForDeploymentPostprocessing = 0;
		};
		F9F90EB027CA103C0075F367 /* Sources */ = {
			isa = PBXSourcesBuildPhase;
			buildActionMask = 2147483647;
			files = (
				F9F90EB927CA103C0075F367 /* podcast_swiftuiTests.swift in Sources */,
			);
			runOnlyForDeploymentPostprocessing = 0;
		};
		F9F90EBA27CA103C0075F367 /* Sources */ = {
			isa = PBXSourcesBuildPhase;
			buildActionMask = 2147483647;
			files = (
				F9F90EC327CA103C0075F367 /* podcast_swiftuiUITests.swift in Sources */,
				F9F90EC527CA103C0075F367 /* podcast_swiftuiUITestsLaunchTests.swift in Sources */,
			);
			runOnlyForDeploymentPostprocessing = 0;
		};
/* End PBXSourcesBuildPhase section */

/* Begin PBXTargetDependency section */
		F9F90EB627CA103C0075F367 /* PBXTargetDependency */ = {
			isa = PBXTargetDependency;
			target = F9F90EA327CA103B0075F367 /* podcast-swiftui */;
			targetProxy = F9F90EB527CA103C0075F367 /* PBXContainerItemProxy */;
		};
		F9F90EC027CA103C0075F367 /* PBXTargetDependency */ = {
			isa = PBXTargetDependency;
			target = F9F90EA327CA103B0075F367 /* podcast-swiftui */;
			targetProxy = F9F90EBF27CA103C0075F367 /* PBXContainerItemProxy */;
		};
/* End PBXTargetDependency section */

/* Begin XCBuildConfiguration section */
		F9F90EC627CA103C0075F367 /* Debug */ = {
			isa = XCBuildConfiguration;
			buildSettings = {
				ALWAYS_SEARCH_USER_PATHS = NO;
				CLANG_ANALYZER_NONNULL = YES;
				CLANG_ANALYZER_NUMBER_OBJECT_CONVERSION = YES_AGGRESSIVE;
				CLANG_CXX_LANGUAGE_STANDARD = "gnu++17";
				CLANG_CXX_LIBRARY = "libc++";
				CLANG_ENABLE_MODULES = YES;
				CLANG_ENABLE_OBJC_ARC = YES;
				CLANG_ENABLE_OBJC_WEAK = YES;
				CLANG_WARN_BLOCK_CAPTURE_AUTORELEASING = YES;
				CLANG_WARN_BOOL_CONVERSION = YES;
				CLANG_WARN_COMMA = YES;
				CLANG_WARN_CONSTANT_CONVERSION = YES;
				CLANG_WARN_DEPRECATED_OBJC_IMPLEMENTATIONS = YES;
				CLANG_WARN_DIRECT_OBJC_ISA_USAGE = YES_ERROR;
				CLANG_WARN_DOCUMENTATION_COMMENTS = YES;
				CLANG_WARN_EMPTY_BODY = YES;
				CLANG_WARN_ENUM_CONVERSION = YES;
				CLANG_WARN_INFINITE_RECURSION = YES;
				CLANG_WARN_INT_CONVERSION = YES;
				CLANG_WARN_NON_LITERAL_NULL_CONVERSION = YES;
				CLANG_WARN_OBJC_IMPLICIT_RETAIN_SELF = YES;
				CLANG_WARN_OBJC_LITERAL_CONVERSION = YES;
				CLANG_WARN_OBJC_ROOT_CLASS = YES_ERROR;
				CLANG_WARN_QUOTED_INCLUDE_IN_FRAMEWORK_HEADER = YES;
				CLANG_WARN_RANGE_LOOP_ANALYSIS = YES;
				CLANG_WARN_STRICT_PROTOTYPES = YES;
				CLANG_WARN_SUSPICIOUS_MOVE = YES;
				CLANG_WARN_UNGUARDED_AVAILABILITY = YES_AGGRESSIVE;
				CLANG_WARN_UNREACHABLE_CODE = YES;
				CLANG_WARN__DUPLICATE_METHOD_MATCH = YES;
				COPY_PHASE_STRIP = NO;
				DEBUG_INFORMATION_FORMAT = dwarf;
				ENABLE_STRICT_OBJC_MSGSEND = YES;
				ENABLE_TESTABILITY = YES;
				GCC_C_LANGUAGE_STANDARD = gnu11;
				GCC_DYNAMIC_NO_PIC = NO;
				GCC_NO_COMMON_BLOCKS = YES;
				GCC_OPTIMIZATION_LEVEL = 0;
				GCC_PREPROCESSOR_DEFINITIONS = (
					"DEBUG=1",
					"$(inherited)",
				);
				GCC_WARN_64_TO_32_BIT_CONVERSION = YES;
				GCC_WARN_ABOUT_RETURN_TYPE = YES_ERROR;
				GCC_WARN_UNDECLARED_SELECTOR = YES;
				GCC_WARN_UNINITIALIZED_AUTOS = YES_AGGRESSIVE;
				GCC_WARN_UNUSED_FUNCTION = YES;
				GCC_WARN_UNUSED_VARIABLE = YES;
				IPHONEOS_DEPLOYMENT_TARGET = 15.2;
				MTL_ENABLE_DEBUG_INFO = INCLUDE_SOURCE;
				MTL_FAST_MATH = YES;
				ONLY_ACTIVE_ARCH = YES;
				SDKROOT = iphoneos;
				SWIFT_ACTIVE_COMPILATION_CONDITIONS = DEBUG;
				SWIFT_OPTIMIZATION_LEVEL = "-Onone";
			};
			name = Debug;
		};
		F9F90EC727CA103C0075F367 /* Release */ = {
			isa = XCBuildConfiguration;
			buildSettings = {
				ALWAYS_SEARCH_USER_PATHS = NO;
				CLANG_ANALYZER_NONNULL = YES;
				CLANG_ANALYZER_NUMBER_OBJECT_CONVERSION = YES_AGGRESSIVE;
				CLANG_CXX_LANGUAGE_STANDARD = "gnu++17";
				CLANG_CXX_LIBRARY = "libc++";
				CLANG_ENABLE_MODULES = YES;
				CLANG_ENABLE_OBJC_ARC = YES;
				CLANG_ENABLE_OBJC_WEAK = YES;
				CLANG_WARN_BLOCK_CAPTURE_AUTORELEASING = YES;
				CLANG_WARN_BOOL_CONVERSION = YES;
				CLANG_WARN_COMMA = YES;
				CLANG_WARN_CONSTANT_CONVERSION = YES;
				CLANG_WARN_DEPRECATED_OBJC_IMPLEMENTATIONS = YES;
				CLANG_WARN_DIRECT_OBJC_ISA_USAGE = YES_ERROR;
				CLANG_WARN_DOCUMENTATION_COMMENTS = YES;
				CLANG_WARN_EMPTY_BODY = YES;
				CLANG_WARN_ENUM_CONVERSION = YES;
				CLANG_WARN_INFINITE_RECURSION = YES;
				CLANG_WARN_INT_CONVERSION = YES;
				CLANG_WARN_NON_LITERAL_NULL_CONVERSION = YES;
				CLANG_WARN_OBJC_IMPLICIT_RETAIN_SELF = YES;
				CLANG_WARN_OBJC_LITERAL_CONVERSION = YES;
				CLANG_WARN_OBJC_ROOT_CLASS = YES_ERROR;
				CLANG_WARN_QUOTED_INCLUDE_IN_FRAMEWORK_HEADER = YES;
				CLANG_WARN_RANGE_LOOP_ANALYSIS = YES;
				CLANG_WARN_STRICT_PROTOTYPES = YES;
				CLANG_WARN_SUSPICIOUS_MOVE = YES;
				CLANG_WARN_UNGUARDED_AVAILABILITY = YES_AGGRESSIVE;
				CLANG_WARN_UNREACHABLE_CODE = YES;
				CLANG_WARN__DUPLICATE_METHOD_MATCH = YES;
				COPY_PHASE_STRIP = NO;
				DEBUG_INFORMATION_FORMAT = "dwarf-with-dsym";
				ENABLE_NS_ASSERTIONS = NO;
				ENABLE_STRICT_OBJC_MSGSEND = YES;
				GCC_C_LANGUAGE_STANDARD = gnu11;
				GCC_NO_COMMON_BLOCKS = YES;
				GCC_WARN_64_TO_32_BIT_CONVERSION = YES;
				GCC_WARN_ABOUT_RETURN_TYPE = YES_ERROR;
				GCC_WARN_UNDECLARED_SELECTOR = YES;
				GCC_WARN_UNINITIALIZED_AUTOS = YES_AGGRESSIVE;
				GCC_WARN_UNUSED_FUNCTION = YES;
				GCC_WARN_UNUSED_VARIABLE = YES;
				IPHONEOS_DEPLOYMENT_TARGET = 15.2;
				MTL_ENABLE_DEBUG_INFO = NO;
				MTL_FAST_MATH = YES;
				SDKROOT = iphoneos;
				SWIFT_COMPILATION_MODE = wholemodule;
				SWIFT_OPTIMIZATION_LEVEL = "-O";
				VALIDATE_PRODUCT = YES;
			};
			name = Release;
		};
		F9F90EC927CA103C0075F367 /* Debug */ = {
			isa = XCBuildConfiguration;
			buildSettings = {
				ASSETCATALOG_COMPILER_APPICON_NAME = AppIcon;
				ASSETCATALOG_COMPILER_GLOBAL_ACCENT_COLOR_NAME = AccentColor;
				CODE_SIGN_STYLE = Automatic;
				CURRENT_PROJECT_VERSION = 1;
				DEVELOPMENT_ASSET_PATHS = "\"podcast-swiftui/Preview Content\"";
				DEVELOPMENT_TEAM = 9V4Y37J8T8;
				ENABLE_PREVIEWS = YES;
				GENERATE_INFOPLIST_FILE = YES;
				INFOPLIST_FILE = "podcast-swiftui/Info.plist";
				INFOPLIST_KEY_UIApplicationSceneManifest_Generation = YES;
				INFOPLIST_KEY_UIApplicationSupportsIndirectInputEvents = YES;
				INFOPLIST_KEY_UILaunchScreen_Generation = YES;
				INFOPLIST_KEY_UISupportedInterfaceOrientations_iPad = "UIInterfaceOrientationPortrait UIInterfaceOrientationPortraitUpsideDown UIInterfaceOrientationLandscapeLeft UIInterfaceOrientationLandscapeRight";
				INFOPLIST_KEY_UISupportedInterfaceOrientations_iPhone = "UIInterfaceOrientationPortrait UIInterfaceOrientationLandscapeLeft UIInterfaceOrientationLandscapeRight";
				IPHONEOS_DEPLOYMENT_TARGET = 15.2;
				LD_RUNPATH_SEARCH_PATHS = (
					"$(inherited)",
					"@executable_path/Frameworks",
				);
				MARKETING_VERSION = 1.0;
				PRODUCT_BUNDLE_IDENTIFIER = "com.rfushimi.podcast-swiftui";
				PRODUCT_NAME = "$(TARGET_NAME)";
				SWIFT_EMIT_LOC_STRINGS = YES;
				SWIFT_VERSION = 5.0;
				TARGETED_DEVICE_FAMILY = "1,2";
			};
			name = Debug;
		};
		F9F90ECA27CA103C0075F367 /* Release */ = {
			isa = XCBuildConfiguration;
			buildSettings = {
				ASSETCATALOG_COMPILER_APPICON_NAME = AppIcon;
				ASSETCATALOG_COMPILER_GLOBAL_ACCENT_COLOR_NAME = AccentColor;
				CODE_SIGN_STYLE = Automatic;
				CURRENT_PROJECT_VERSION = 1;
				DEVELOPMENT_ASSET_PATHS = "\"podcast-swiftui/Preview Content\"";
				DEVELOPMENT_TEAM = 9V4Y37J8T8;
				ENABLE_PREVIEWS = YES;
				GENERATE_INFOPLIST_FILE = YES;
				INFOPLIST_FILE = "podcast-swiftui/Info.plist";
				INFOPLIST_KEY_UIApplicationSceneManifest_Generation = YES;
				INFOPLIST_KEY_UIApplicationSupportsIndirectInputEvents = YES;
				INFOPLIST_KEY_UILaunchScreen_Generation = YES;
				INFOPLIST_KEY_UISupportedInterfaceOrientations_iPad = "UIInterfaceOrientationPortrait UIInterfaceOrientationPortraitUpsideDown UIInterfaceOrientationLandscapeLeft UIInterfaceOrientationLandscapeRight";
				INFOPLIST_KEY_UISupportedInterfaceOrientations_iPhone = "UIInterfaceOrientationPortrait UIInterfaceOrientationLandscapeLeft UIInterfaceOrientationLandscapeRight";
				IPHONEOS_DEPLOYMENT_TARGET = 15.2;
				LD_RUNPATH_SEARCH_PATHS = (
					"$(inherited)",
					"@executable_path/Frameworks",
				);
				MARKETING_VERSION = 1.0;
				PRODUCT_BUNDLE_IDENTIFIER = "com.rfushimi.podcast-swiftui";
				PRODUCT_NAME = "$(TARGET_NAME)";
				SWIFT_EMIT_LOC_STRINGS = YES;
				SWIFT_VERSION = 5.0;
				TARGETED_DEVICE_FAMILY = "1,2";
			};
			name = Release;
		};
		F9F90ECC27CA103C0075F367 /* Debug */ = {
			isa = XCBuildConfiguration;
			buildSettings = {
				ALWAYS_EMBED_SWIFT_STANDARD_LIBRARIES = YES;
				BUNDLE_LOADER = "$(TEST_HOST)";
				CODE_SIGN_STYLE = Automatic;
				CURRENT_PROJECT_VERSION = 1;
				DEVELOPMENT_TEAM = 9V4Y37J8T8;
				GENERATE_INFOPLIST_FILE = YES;
				IPHONEOS_DEPLOYMENT_TARGET = 15.2;
				MARKETING_VERSION = 1.0;
				PRODUCT_BUNDLE_IDENTIFIER = "com.rfushimi.podcast-swiftuiTests";
				PRODUCT_NAME = "$(TARGET_NAME)";
				SWIFT_EMIT_LOC_STRINGS = NO;
				SWIFT_VERSION = 5.0;
				TARGETED_DEVICE_FAMILY = "1,2";
				TEST_HOST = "$(BUILT_PRODUCTS_DIR)/podcast-swiftui.app/podcast-swiftui";
			};
			name = Debug;
		};
		F9F90ECD27CA103C0075F367 /* Release */ = {
			isa = XCBuildConfiguration;
			buildSettings = {
				ALWAYS_EMBED_SWIFT_STANDARD_LIBRARIES = YES;
				BUNDLE_LOADER = "$(TEST_HOST)";
				CODE_SIGN_STYLE = Automatic;
				CURRENT_PROJECT_VERSION = 1;
				DEVELOPMENT_TEAM = 9V4Y37J8T8;
				GENERATE_INFOPLIST_FILE = YES;
				IPHONEOS_DEPLOYMENT_TARGET = 15.2;
				MARKETING_VERSION = 1.0;
				PRODUCT_BUNDLE_IDENTIFIER = "com.rfushimi.podcast-swiftuiTests";
				PRODUCT_NAME = "$(TARGET_NAME)";
				SWIFT_EMIT_LOC_STRINGS = NO;
				SWIFT_VERSION = 5.0;
				TARGETED_DEVICE_FAMILY = "1,2";
				TEST_HOST = "$(BUILT_PRODUCTS_DIR)/podcast-swiftui.app/podcast-swiftui";
			};
			name = Release;
		};
		F9F90ECF27CA103C0075F367 /* Debug */ = {
			isa = XCBuildConfiguration;
			buildSettings = {
				ALWAYS_EMBED_SWIFT_STANDARD_LIBRARIES = YES;
				CODE_SIGN_STYLE = Automatic;
				CURRENT_PROJECT_VERSION = 1;
				DEVELOPMENT_TEAM = 9V4Y37J8T8;
				GENERATE_INFOPLIST_FILE = YES;
				MARKETING_VERSION = 1.0;
				PRODUCT_BUNDLE_IDENTIFIER = "com.rfushimi.podcast-swiftuiUITests";
				PRODUCT_NAME = "$(TARGET_NAME)";
				SWIFT_EMIT_LOC_STRINGS = NO;
				SWIFT_VERSION = 5.0;
				TARGETED_DEVICE_FAMILY = "1,2";
				TEST_TARGET_NAME = "podcast-swiftui";
			};
			name = Debug;
		};
		F9F90ED027CA103C0075F367 /* Release */ = {
			isa = XCBuildConfiguration;
			buildSettings = {
				ALWAYS_EMBED_SWIFT_STANDARD_LIBRARIES = YES;
				CODE_SIGN_STYLE = Automatic;
				CURRENT_PROJECT_VERSION = 1;
				DEVELOPMENT_TEAM = 9V4Y37J8T8;
				GENERATE_INFOPLIST_FILE = YES;
				MARKETING_VERSION = 1.0;
				PRODUCT_BUNDLE_IDENTIFIER = "com.rfushimi.podcast-swiftuiUITests";
				PRODUCT_NAME = "$(TARGET_NAME)";
				SWIFT_EMIT_LOC_STRINGS = NO;
				SWIFT_VERSION = 5.0;
				TARGETED_DEVICE_FAMILY = "1,2";
				TEST_TARGET_NAME = "podcast-swiftui";
			};
			name = Release;
		};
/* End XCBuildConfiguration section */

/* Begin XCConfigurationList section */
		F9F90E9F27CA103B0075F367 /* Build configuration list for PBXProject "podcast-swiftui" */ = {
			isa = XCConfigurationList;
			buildConfigurations = (
				F9F90EC627CA103C0075F367 /* Debug */,
				F9F90EC727CA103C0075F367 /* Release */,
			);
			defaultConfigurationIsVisible = 0;
			defaultConfigurationName = Release;
		};
		F9F90EC827CA103C0075F367 /* Build configuration list for PBXNativeTarget "podcast-swiftui" */ = {
			isa = XCConfigurationList;
			buildConfigurations = (
				F9F90EC927CA103C0075F367 /* Debug */,
				F9F90ECA27CA103C0075F367 /* Release */,
			);
			defaultConfigurationIsVisible = 0;
			defaultConfigurationName = Release;
		};
		F9F90ECB27CA103C0075F367 /* Build configuration list for PBXNativeTarget "podcast-swiftuiTests" */ = {
			isa = XCConfigurationList;
			buildConfigurations = (
				F9F90ECC27CA103C0075F367 /* Debug */,
				F9F90ECD27CA103C0075F367 /* Release */,
			);
			defaultConfigurationIsVisible = 0;
			defaultConfigurationName = Release;
		};
		F9F90ECE27CA103C0075F367 /* Build configuration list for PBXNativeTarget "podcast-swiftuiUITests" */ = {
			isa = XCConfigurationList;
			buildConfigurations = (
				F9F90ECF27CA103C0075F367 /* Debug */,
				F9F90ED027CA103C0075F367 /* Release */,
			);
			defaultConfigurationIsVisible = 0;
			defaultConfigurationName = Release;
		};
/* End XCConfigurationList section */

/* Begin XCRemoteSwiftPackageReference section */
		F9F90EDE27CA58EC0075F367 /* XCRemoteSwiftPackageReference "SyndiKit" */ = {
			isa = XCRemoteSwiftPackageReference;
			repositoryURL = "https://github.com/brightdigit/SyndiKit";
			requirement = {
				kind = upToNextMinorVersion;
				minimumVersion = 0.2.0;
			};
		};
/* End XCRemoteSwiftPackageReference section */

/* Begin XCSwiftPackageProductDependency section */
		F9F90EDF27CA58EC0075F367 /* SyndiKit */ = {
			isa = XCSwiftPackageProductDependency;
			package = F9F90EDE27CA58EC0075F367 /* XCRemoteSwiftPackageReference "SyndiKit" */;
			productName = SyndiKit;
		};
/* End XCSwiftPackageProductDependency section */
	};
	rootObject = F9F90E9C27CA103B0075F367 /* Project object */;
}
